
Microsoft Visual Studio Solution File, Format Version 12.00
# Visual Studio Version 16
VisualStudioVersion = 25.0.1704.5
MinimumVisualStudioVersion = 10.0.40219.1
Project("{FAE04EC0-301F-11D3-BF4B-00C04F79EFBC}") = "OOPS App", "OOPS App\OOPS App.csproj", "{3C4B0068-61C0-4AC1-ADAE-4D6E21BB0711}"
EndProject
Global
	GlobalSection(SolutionConfigurationPlatforms) = preSolution
		Debug|Any CPU = Debug|Any CPU
		Release|Any CPU = Release|Any CPU
	EndGlobalSection
	GlobalSection(ProjectConfigurationPlatforms) = postSolution
		{3C4B0068-61C0-4AC1-ADAE-4D6E21BB0711}.Debug|Any CPU.ActiveCfg = Debug|Any CPU
		{3C4B0068-61C0-4AC1-ADAE-4D6E21BB0711}.Debug|Any CPU.Build.0 = Debug|Any CPU
		{3C4B0068-61C0-4AC1-ADAE-4D6E21BB0711}.Release|Any CPU.ActiveCfg = Release|Any CPU
		{3C4B0068-61C0-4AC1-ADAE-4D6E21BB0711}.Release|Any CPU.Build.0 = Release|Any CPU
	EndGlobalSection
	GlobalSection(SolutionProperties) = preSolution
		HideSolutionNode = FALSE
	EndGlobalSection
	GlobalSection(ExtensibilityGlobals) = postSolution
		SolutionGuid = {59BF3733-88C3-4F04-81DC-8C5B9EF4BA9F}
	EndGlobalSection
EndGlobal
